
Microsoft Visual Studio Solution File, Format Version 12.00
# Visual Studio Version 17
VisualStudioVersion = 17.0.31903.59
MinimumVisualStudioVersion = 10.0.40219.1
Project("{2150E333-8FDC-42A3-9474-1A3956D46DE8}") = "endpoint", "endpoint", "{583B6C67-C74B-40F7-8E76-5774DA1C910E}"
EndProject
Project("{2150E333-8FDC-42A3-9474-1A3956D46DE8}") = "app", "app", "{40F07027-1838-47E7-AB01-1FAC92AC08A7}"
EndProject
Project("{2150E333-8FDC-42A3-9474-1A3956D46DE8}") = "Project.SearchSet", "Project.SearchSet", "{8A1D1800-3D31-432F-AB9A-81CCACF77D0E}"
EndProject
Project("{9A19103F-16F7-4668-BE54-9A1E7A4F7556}") = "Contract", "src\endpoint\Project.SearchSet\Contract\Contract.csproj", "{C278A52E-A1E3-4AC4-963D-979222DEC91A}"
EndProject
Project("{9A19103F-16F7-4668-BE54-9A1E7A4F7556}") = "Endpoint", "src\endpoint\Project.SearchSet\Endpoint\Endpoint.csproj", "{86ABBC77-3588-46F6-B85D-FE3F2AA26DB5}"
EndProject
Project("{9A19103F-16F7-4668-BE54-9A1E7A4F7556}") = "Test", "src\endpoint\Project.SearchSet\Test\Test.csproj", "{5EF1506D-A625-4CB7-916D-E2429352337C}"
EndProject
Project("{9A19103F-16F7-4668-BE54-9A1E7A4F7556}") = "Application", "src\app\Application\Application.csproj", "{802EA5D5-8FE5-489A-8392-328E93C17A53}"
EndProject
Project("{2150E333-8FDC-42A3-9474-1A3956D46DE8}") = "shared", "shared", "{51AE06DE-97DB-4A86-B5B0-9B5734C9470E}"
EndProject
Project("{9A19103F-16F7-4668-BE54-9A1E7A4F7556}") = "ProjectType", "src\shared\ProjectType\ProjectType.csproj", "{43F3D970-6AB2-4A0E-9836-E8AD9289388D}"
EndProject
Project("{2150E333-8FDC-42A3-9474-1A3956D46DE8}") = "Project.GetLastSet", "Project.GetLastSet", "{D668750B-8D06-45A8-8931-764B16262C9C}"
EndProject
Project("{9A19103F-16F7-4668-BE54-9A1E7A4F7556}") = "Contract", "src\endpoint\Project.GetLastSet\Contract\Contract.csproj", "{4AE662BC-387D-4F7C-A0E6-639D29AF4067}"
EndProject
Project("{9A19103F-16F7-4668-BE54-9A1E7A4F7556}") = "Endpoint", "src\endpoint\Project.GetLastSet\Endpoint\Endpoint.csproj", "{45182011-4DD0-4822-9646-756955B7BCDC}"
EndProject
Project("{9A19103F-16F7-4668-BE54-9A1E7A4F7556}") = "Test", "src\endpoint\Project.GetLastSet\Test\Test.csproj", "{785C89F9-064C-4B64-AFB8-7909595F0646}"
EndProject
Project("{2150E333-8FDC-42A3-9474-1A3956D46DE8}") = "Timesheet.GetSet", "Timesheet.GetSet", "{3AF79A76-B7D6-4E80-9F0B-94867AFAD628}"
EndProject
Project("{9A19103F-16F7-4668-BE54-9A1E7A4F7556}") = "Contract", "src\endpoint\Timesheet.GetSet\Contract\Contract.csproj", "{8D666AE7-C17A-48FC-B931-5F5B8C60CFBF}"
EndProject
Project("{9A19103F-16F7-4668-BE54-9A1E7A4F7556}") = "StateCode", "src\shared\StateCode\StateCode.csproj", "{B73BDEB8-93D6-41C4-9A6C-E484E77FC2F5}"
EndProject
Project("{9A19103F-16F7-4668-BE54-9A1E7A4F7556}") = "Endpoint", "src\endpoint\Timesheet.GetSet\Endpoint\Endpoint.csproj", "{6BE871F9-8334-48AE-A15B-996BDCB74568}"
EndProject
Project("{9A19103F-16F7-4668-BE54-9A1E7A4F7556}") = "Test", "src\endpoint\Timesheet.GetSet\Test\Test.csproj", "{29B4EDB7-9B7D-4180-938A-CEF75644282D}"
EndProject
Project("{2150E333-8FDC-42A3-9474-1A3956D46DE8}") = "Timesheet.Modify", "Timesheet.Modify", "{4260354B-7C8D-409A-9FAD-E4DEA8673A75}"
EndProject
Project("{9A19103F-16F7-4668-BE54-9A1E7A4F7556}") = "Contract", "src\endpoint\Timesheet.Modify\Contract\Contract.csproj", "{F3138B2E-7112-4196-A8B2-56829F1AFE54}"
EndProject
Project("{9A19103F-16F7-4668-BE54-9A1E7A4F7556}") = "Endpoint", "src\endpoint\Timesheet.Modify\Endpoint\Endpoint.csproj", "{3D033702-FB12-491C-BA38-AF63BB131F40}"
EndProject
Project("{9A19103F-16F7-4668-BE54-9A1E7A4F7556}") = "Test", "src\endpoint\Timesheet.Modify\Test\Test.csproj", "{8FBCBABD-BCE0-4530-A77B-A2E95E3388F0}"
EndProject
Project("{2150E333-8FDC-42A3-9474-1A3956D46DE8}") = "Timesheet.Delete", "Timesheet.Delete", "{46821CED-EBCC-4556-A968-AAED1C1C4401}"
EndProject
Project("{9A19103F-16F7-4668-BE54-9A1E7A4F7556}") = "Contract", "src\endpoint\Timesheet.Delete\Contract\Contract.csproj", "{CFFAC7B2-91F2-41E8-9352-3CA1443B848F}"
EndProject
Project("{9A19103F-16F7-4668-BE54-9A1E7A4F7556}") = "Endpoint", "src\endpoint\Timesheet.Delete\Endpoint\Endpoint.csproj", "{66FBCD80-744A-4C13-A4C3-8C2F06A61279}"
EndProject
Project("{9A19103F-16F7-4668-BE54-9A1E7A4F7556}") = "Test", "src\endpoint\Timesheet.Delete\Test\Test.csproj", "{B3CFB1D8-EC10-46B3-93E2-1AA43A012701}"
EndProject
Project("{2150E333-8FDC-42A3-9474-1A3956D46DE8}") = "Tag.GetSet", "Tag.GetSet", "{6DB7549B-9079-4F4B-A8D9-E82AB31BCEC2}"
EndProject
Project("{9A19103F-16F7-4668-BE54-9A1E7A4F7556}") = "Contract", "src\endpoint\Tag.GetSet\Contract\Contract.csproj", "{DE73D8A8-23E4-408D-975C-91E16D591D8C}"
EndProject
Project("{9A19103F-16F7-4668-BE54-9A1E7A4F7556}") = "Endpoint", "src\endpoint\Tag.GetSet\Endpoint\Endpoint.csproj", "{03F1209D-37EA-411E-9EF8-6E46D4A452B0}"
EndProject
Project("{9A19103F-16F7-4668-BE54-9A1E7A4F7556}") = "Test", "src\endpoint\Tag.GetSet\Test\Test.csproj", "{7888C0A1-4D75-4FC3-A160-BFCAEFEB0165}"
EndProject
Project("{2150E333-8FDC-42A3-9474-1A3956D46DE8}") = "Notification.Subscribe", "Notification.Subscribe", "{F72E1199-AED1-4746-A5D1-AD3F7EDCA8E2}"
EndProject
Project("{9A19103F-16F7-4668-BE54-9A1E7A4F7556}") = "Contract", "src\endpoint\Notification.Subscribe\Contract\Contract.csproj", "{1666334D-351A-4D50-A1F8-E2201D9598CC}"
EndProject
Project("{9A19103F-16F7-4668-BE54-9A1E7A4F7556}") = "Endpoint", "src\endpoint\Notification.Subscribe\Endpoint\Endpoint.csproj", "{763E23C5-3422-40CF-B9EA-3A0FCEDD6C6A}"
EndProject
Project("{9A19103F-16F7-4668-BE54-9A1E7A4F7556}") = "Test", "src\endpoint\Notification.Subscribe\Test\Test.csproj", "{2070D0A6-833F-49B3-82D1-9C6E3D85355A}"
EndProject
Project("{2150E333-8FDC-42A3-9474-1A3956D46DE8}") = "Profile.Get", "Profile.Get", "{593642A5-9CAB-43B9-B52D-D6B140573917}"
EndProject
Project("{9A19103F-16F7-4668-BE54-9A1E7A4F7556}") = "Contract", "src\endpoint\Profile.Get\Contract\Contract.csproj", "{4A77E55F-E883-41AC-8D9C-15E0A12C9C7A}"
EndProject
Project("{9A19103F-16F7-4668-BE54-9A1E7A4F7556}") = "Endpoint", "src\endpoint\Profile.Get\Endpoint\Endpoint.csproj", "{7A1311C5-F103-470B-87B8-A3A835A1066E}"
EndProject
Project("{9A19103F-16F7-4668-BE54-9A1E7A4F7556}") = "Test", "src\endpoint\Profile.Get\Test\Test.csproj", "{D057C224-DB30-4F94-8097-E0D756C30FD4}"
EndProject
Project("{2150E333-8FDC-42A3-9474-1A3956D46DE8}") = "Profile.Update", "Profile.Update", "{77476330-D125-42A1-9F98-D106E12D3AF7}"
EndProject
Project("{FAE04EC0-301F-11D3-BF4B-00C04F79EFBC}") = "Contract", "src\endpoint\Profile.Update\Contract\Contract.csproj", "{A1399E3B-504C-4A59-AD9B-847E2174B1D0}"
EndProject
Project("{FAE04EC0-301F-11D3-BF4B-00C04F79EFBC}") = "Endpoint", "src\endpoint\Profile.Update\Endpoint\Endpoint.csproj", "{28E7C2F0-D033-44D9-A562-E0C8A20A5262}"
EndProject
Project("{FAE04EC0-301F-11D3-BF4B-00C04F79EFBC}") = "Test", "src\endpoint\Profile.Update\Test\Test.csproj", "{C6710205-4866-45A2-BF8A-BB1930C68571}"
EndProject
Global
	GlobalSection(SolutionConfigurationPlatforms) = preSolution
		Debug|Any CPU = Debug|Any CPU
		Release|Any CPU = Release|Any CPU
	EndGlobalSection
	GlobalSection(ProjectConfigurationPlatforms) = postSolution
		{C278A52E-A1E3-4AC4-963D-979222DEC91A}.Debug|Any CPU.ActiveCfg = Debug|Any CPU
		{C278A52E-A1E3-4AC4-963D-979222DEC91A}.Debug|Any CPU.Build.0 = Debug|Any CPU
		{C278A52E-A1E3-4AC4-963D-979222DEC91A}.Release|Any CPU.ActiveCfg = Release|Any CPU
		{C278A52E-A1E3-4AC4-963D-979222DEC91A}.Release|Any CPU.Build.0 = Release|Any CPU
		{86ABBC77-3588-46F6-B85D-FE3F2AA26DB5}.Debug|Any CPU.ActiveCfg = Debug|Any CPU
		{86ABBC77-3588-46F6-B85D-FE3F2AA26DB5}.Debug|Any CPU.Build.0 = Debug|Any CPU
		{86ABBC77-3588-46F6-B85D-FE3F2AA26DB5}.Release|Any CPU.ActiveCfg = Release|Any CPU
		{86ABBC77-3588-46F6-B85D-FE3F2AA26DB5}.Release|Any CPU.Build.0 = Release|Any CPU
		{5EF1506D-A625-4CB7-916D-E2429352337C}.Debug|Any CPU.ActiveCfg = Debug|Any CPU
		{5EF1506D-A625-4CB7-916D-E2429352337C}.Debug|Any CPU.Build.0 = Debug|Any CPU
		{5EF1506D-A625-4CB7-916D-E2429352337C}.Release|Any CPU.ActiveCfg = Release|Any CPU
		{5EF1506D-A625-4CB7-916D-E2429352337C}.Release|Any CPU.Build.0 = Release|Any CPU
		{802EA5D5-8FE5-489A-8392-328E93C17A53}.Debug|Any CPU.ActiveCfg = Debug|Any CPU
		{802EA5D5-8FE5-489A-8392-328E93C17A53}.Debug|Any CPU.Build.0 = Debug|Any CPU
		{802EA5D5-8FE5-489A-8392-328E93C17A53}.Release|Any CPU.ActiveCfg = Release|Any CPU
		{802EA5D5-8FE5-489A-8392-328E93C17A53}.Release|Any CPU.Build.0 = Release|Any CPU
		{43F3D970-6AB2-4A0E-9836-E8AD9289388D}.Debug|Any CPU.ActiveCfg = Debug|Any CPU
		{43F3D970-6AB2-4A0E-9836-E8AD9289388D}.Debug|Any CPU.Build.0 = Debug|Any CPU
		{43F3D970-6AB2-4A0E-9836-E8AD9289388D}.Release|Any CPU.ActiveCfg = Release|Any CPU
		{43F3D970-6AB2-4A0E-9836-E8AD9289388D}.Release|Any CPU.Build.0 = Release|Any CPU
		{4AE662BC-387D-4F7C-A0E6-639D29AF4067}.Debug|Any CPU.ActiveCfg = Debug|Any CPU
		{4AE662BC-387D-4F7C-A0E6-639D29AF4067}.Debug|Any CPU.Build.0 = Debug|Any CPU
		{4AE662BC-387D-4F7C-A0E6-639D29AF4067}.Release|Any CPU.ActiveCfg = Release|Any CPU
		{4AE662BC-387D-4F7C-A0E6-639D29AF4067}.Release|Any CPU.Build.0 = Release|Any CPU
		{45182011-4DD0-4822-9646-756955B7BCDC}.Debug|Any CPU.ActiveCfg = Debug|Any CPU
		{45182011-4DD0-4822-9646-756955B7BCDC}.Debug|Any CPU.Build.0 = Debug|Any CPU
		{45182011-4DD0-4822-9646-756955B7BCDC}.Release|Any CPU.ActiveCfg = Release|Any CPU
		{45182011-4DD0-4822-9646-756955B7BCDC}.Release|Any CPU.Build.0 = Release|Any CPU
		{785C89F9-064C-4B64-AFB8-7909595F0646}.Debug|Any CPU.ActiveCfg = Debug|Any CPU
		{785C89F9-064C-4B64-AFB8-7909595F0646}.Debug|Any CPU.Build.0 = Debug|Any CPU
		{785C89F9-064C-4B64-AFB8-7909595F0646}.Release|Any CPU.ActiveCfg = Release|Any CPU
		{785C89F9-064C-4B64-AFB8-7909595F0646}.Release|Any CPU.Build.0 = Release|Any CPU
		{8D666AE7-C17A-48FC-B931-5F5B8C60CFBF}.Debug|Any CPU.ActiveCfg = Debug|Any CPU
		{8D666AE7-C17A-48FC-B931-5F5B8C60CFBF}.Debug|Any CPU.Build.0 = Debug|Any CPU
		{8D666AE7-C17A-48FC-B931-5F5B8C60CFBF}.Release|Any CPU.ActiveCfg = Release|Any CPU
		{8D666AE7-C17A-48FC-B931-5F5B8C60CFBF}.Release|Any CPU.Build.0 = Release|Any CPU
		{B73BDEB8-93D6-41C4-9A6C-E484E77FC2F5}.Debug|Any CPU.ActiveCfg = Debug|Any CPU
		{B73BDEB8-93D6-41C4-9A6C-E484E77FC2F5}.Debug|Any CPU.Build.0 = Debug|Any CPU
		{B73BDEB8-93D6-41C4-9A6C-E484E77FC2F5}.Release|Any CPU.ActiveCfg = Release|Any CPU
		{B73BDEB8-93D6-41C4-9A6C-E484E77FC2F5}.Release|Any CPU.Build.0 = Release|Any CPU
		{6BE871F9-8334-48AE-A15B-996BDCB74568}.Debug|Any CPU.ActiveCfg = Debug|Any CPU
		{6BE871F9-8334-48AE-A15B-996BDCB74568}.Debug|Any CPU.Build.0 = Debug|Any CPU
		{6BE871F9-8334-48AE-A15B-996BDCB74568}.Release|Any CPU.ActiveCfg = Release|Any CPU
		{6BE871F9-8334-48AE-A15B-996BDCB74568}.Release|Any CPU.Build.0 = Release|Any CPU
		{29B4EDB7-9B7D-4180-938A-CEF75644282D}.Debug|Any CPU.ActiveCfg = Debug|Any CPU
		{29B4EDB7-9B7D-4180-938A-CEF75644282D}.Debug|Any CPU.Build.0 = Debug|Any CPU
		{29B4EDB7-9B7D-4180-938A-CEF75644282D}.Release|Any CPU.ActiveCfg = Release|Any CPU
		{29B4EDB7-9B7D-4180-938A-CEF75644282D}.Release|Any CPU.Build.0 = Release|Any CPU
		{F3138B2E-7112-4196-A8B2-56829F1AFE54}.Debug|Any CPU.ActiveCfg = Debug|Any CPU
		{F3138B2E-7112-4196-A8B2-56829F1AFE54}.Debug|Any CPU.Build.0 = Debug|Any CPU
		{F3138B2E-7112-4196-A8B2-56829F1AFE54}.Release|Any CPU.ActiveCfg = Release|Any CPU
		{F3138B2E-7112-4196-A8B2-56829F1AFE54}.Release|Any CPU.Build.0 = Release|Any CPU
		{3D033702-FB12-491C-BA38-AF63BB131F40}.Debug|Any CPU.ActiveCfg = Debug|Any CPU
		{3D033702-FB12-491C-BA38-AF63BB131F40}.Debug|Any CPU.Build.0 = Debug|Any CPU
		{3D033702-FB12-491C-BA38-AF63BB131F40}.Release|Any CPU.ActiveCfg = Release|Any CPU
		{3D033702-FB12-491C-BA38-AF63BB131F40}.Release|Any CPU.Build.0 = Release|Any CPU
		{8FBCBABD-BCE0-4530-A77B-A2E95E3388F0}.Debug|Any CPU.ActiveCfg = Debug|Any CPU
		{8FBCBABD-BCE0-4530-A77B-A2E95E3388F0}.Debug|Any CPU.Build.0 = Debug|Any CPU
		{8FBCBABD-BCE0-4530-A77B-A2E95E3388F0}.Release|Any CPU.ActiveCfg = Release|Any CPU
		{8FBCBABD-BCE0-4530-A77B-A2E95E3388F0}.Release|Any CPU.Build.0 = Release|Any CPU
		{CFFAC7B2-91F2-41E8-9352-3CA1443B848F}.Debug|Any CPU.ActiveCfg = Debug|Any CPU
		{CFFAC7B2-91F2-41E8-9352-3CA1443B848F}.Debug|Any CPU.Build.0 = Debug|Any CPU
		{CFFAC7B2-91F2-41E8-9352-3CA1443B848F}.Release|Any CPU.ActiveCfg = Release|Any CPU
		{CFFAC7B2-91F2-41E8-9352-3CA1443B848F}.Release|Any CPU.Build.0 = Release|Any CPU
		{66FBCD80-744A-4C13-A4C3-8C2F06A61279}.Debug|Any CPU.ActiveCfg = Debug|Any CPU
		{66FBCD80-744A-4C13-A4C3-8C2F06A61279}.Debug|Any CPU.Build.0 = Debug|Any CPU
		{66FBCD80-744A-4C13-A4C3-8C2F06A61279}.Release|Any CPU.ActiveCfg = Release|Any CPU
		{66FBCD80-744A-4C13-A4C3-8C2F06A61279}.Release|Any CPU.Build.0 = Release|Any CPU
		{B3CFB1D8-EC10-46B3-93E2-1AA43A012701}.Debug|Any CPU.ActiveCfg = Debug|Any CPU
		{B3CFB1D8-EC10-46B3-93E2-1AA43A012701}.Debug|Any CPU.Build.0 = Debug|Any CPU
		{B3CFB1D8-EC10-46B3-93E2-1AA43A012701}.Release|Any CPU.ActiveCfg = Release|Any CPU
		{B3CFB1D8-EC10-46B3-93E2-1AA43A012701}.Release|Any CPU.Build.0 = Release|Any CPU
		{DE73D8A8-23E4-408D-975C-91E16D591D8C}.Debug|Any CPU.ActiveCfg = Debug|Any CPU
		{DE73D8A8-23E4-408D-975C-91E16D591D8C}.Debug|Any CPU.Build.0 = Debug|Any CPU
		{DE73D8A8-23E4-408D-975C-91E16D591D8C}.Release|Any CPU.ActiveCfg = Release|Any CPU
		{DE73D8A8-23E4-408D-975C-91E16D591D8C}.Release|Any CPU.Build.0 = Release|Any CPU
		{03F1209D-37EA-411E-9EF8-6E46D4A452B0}.Debug|Any CPU.ActiveCfg = Debug|Any CPU
		{03F1209D-37EA-411E-9EF8-6E46D4A452B0}.Debug|Any CPU.Build.0 = Debug|Any CPU
		{03F1209D-37EA-411E-9EF8-6E46D4A452B0}.Release|Any CPU.ActiveCfg = Release|Any CPU
		{03F1209D-37EA-411E-9EF8-6E46D4A452B0}.Release|Any CPU.Build.0 = Release|Any CPU
		{7888C0A1-4D75-4FC3-A160-BFCAEFEB0165}.Debug|Any CPU.ActiveCfg = Debug|Any CPU
		{7888C0A1-4D75-4FC3-A160-BFCAEFEB0165}.Debug|Any CPU.Build.0 = Debug|Any CPU
		{7888C0A1-4D75-4FC3-A160-BFCAEFEB0165}.Release|Any CPU.ActiveCfg = Release|Any CPU
		{7888C0A1-4D75-4FC3-A160-BFCAEFEB0165}.Release|Any CPU.Build.0 = Release|Any CPU
		{1666334D-351A-4D50-A1F8-E2201D9598CC}.Debug|Any CPU.ActiveCfg = Debug|Any CPU
		{1666334D-351A-4D50-A1F8-E2201D9598CC}.Debug|Any CPU.Build.0 = Debug|Any CPU
		{1666334D-351A-4D50-A1F8-E2201D9598CC}.Release|Any CPU.ActiveCfg = Release|Any CPU
		{1666334D-351A-4D50-A1F8-E2201D9598CC}.Release|Any CPU.Build.0 = Release|Any CPU
		{763E23C5-3422-40CF-B9EA-3A0FCEDD6C6A}.Debug|Any CPU.ActiveCfg = Debug|Any CPU
		{763E23C5-3422-40CF-B9EA-3A0FCEDD6C6A}.Debug|Any CPU.Build.0 = Debug|Any CPU
		{763E23C5-3422-40CF-B9EA-3A0FCEDD6C6A}.Release|Any CPU.ActiveCfg = Release|Any CPU
		{763E23C5-3422-40CF-B9EA-3A0FCEDD6C6A}.Release|Any CPU.Build.0 = Release|Any CPU
		{2070D0A6-833F-49B3-82D1-9C6E3D85355A}.Debug|Any CPU.ActiveCfg = Debug|Any CPU
		{2070D0A6-833F-49B3-82D1-9C6E3D85355A}.Debug|Any CPU.Build.0 = Debug|Any CPU
		{2070D0A6-833F-49B3-82D1-9C6E3D85355A}.Release|Any CPU.ActiveCfg = Release|Any CPU
		{2070D0A6-833F-49B3-82D1-9C6E3D85355A}.Release|Any CPU.Build.0 = Release|Any CPU
		{4A77E55F-E883-41AC-8D9C-15E0A12C9C7A}.Debug|Any CPU.ActiveCfg = Debug|Any CPU
		{4A77E55F-E883-41AC-8D9C-15E0A12C9C7A}.Debug|Any CPU.Build.0 = Debug|Any CPU
		{4A77E55F-E883-41AC-8D9C-15E0A12C9C7A}.Release|Any CPU.ActiveCfg = Release|Any CPU
		{4A77E55F-E883-41AC-8D9C-15E0A12C9C7A}.Release|Any CPU.Build.0 = Release|Any CPU
		{7A1311C5-F103-470B-87B8-A3A835A1066E}.Debug|Any CPU.ActiveCfg = Debug|Any CPU
		{7A1311C5-F103-470B-87B8-A3A835A1066E}.Debug|Any CPU.Build.0 = Debug|Any CPU
		{7A1311C5-F103-470B-87B8-A3A835A1066E}.Release|Any CPU.ActiveCfg = Release|Any CPU
		{7A1311C5-F103-470B-87B8-A3A835A1066E}.Release|Any CPU.Build.0 = Release|Any CPU
		{D057C224-DB30-4F94-8097-E0D756C30FD4}.Debug|Any CPU.ActiveCfg = Debug|Any CPU
		{D057C224-DB30-4F94-8097-E0D756C30FD4}.Debug|Any CPU.Build.0 = Debug|Any CPU
		{D057C224-DB30-4F94-8097-E0D756C30FD4}.Release|Any CPU.ActiveCfg = Release|Any CPU
		{D057C224-DB30-4F94-8097-E0D756C30FD4}.Release|Any CPU.Build.0 = Release|Any CPU
		{A1399E3B-504C-4A59-AD9B-847E2174B1D0}.Debug|Any CPU.ActiveCfg = Debug|Any CPU
		{A1399E3B-504C-4A59-AD9B-847E2174B1D0}.Debug|Any CPU.Build.0 = Debug|Any CPU
		{A1399E3B-504C-4A59-AD9B-847E2174B1D0}.Release|Any CPU.ActiveCfg = Release|Any CPU
		{A1399E3B-504C-4A59-AD9B-847E2174B1D0}.Release|Any CPU.Build.0 = Release|Any CPU
		{28E7C2F0-D033-44D9-A562-E0C8A20A5262}.Debug|Any CPU.ActiveCfg = Debug|Any CPU
		{28E7C2F0-D033-44D9-A562-E0C8A20A5262}.Debug|Any CPU.Build.0 = Debug|Any CPU
		{28E7C2F0-D033-44D9-A562-E0C8A20A5262}.Release|Any CPU.ActiveCfg = Release|Any CPU
		{28E7C2F0-D033-44D9-A562-E0C8A20A5262}.Release|Any CPU.Build.0 = Release|Any CPU
		{C6710205-4866-45A2-BF8A-BB1930C68571}.Debug|Any CPU.ActiveCfg = Debug|Any CPU
		{C6710205-4866-45A2-BF8A-BB1930C68571}.Debug|Any CPU.Build.0 = Debug|Any CPU
		{C6710205-4866-45A2-BF8A-BB1930C68571}.Release|Any CPU.ActiveCfg = Release|Any CPU
		{C6710205-4866-45A2-BF8A-BB1930C68571}.Release|Any CPU.Build.0 = Release|Any CPU
	EndGlobalSection
	GlobalSection(SolutionProperties) = preSolution
		HideSolutionNode = FALSE
	EndGlobalSection
	GlobalSection(NestedProjects) = preSolution
		{8A1D1800-3D31-432F-AB9A-81CCACF77D0E} = {583B6C67-C74B-40F7-8E76-5774DA1C910E}
		{C278A52E-A1E3-4AC4-963D-979222DEC91A} = {8A1D1800-3D31-432F-AB9A-81CCACF77D0E}
		{86ABBC77-3588-46F6-B85D-FE3F2AA26DB5} = {8A1D1800-3D31-432F-AB9A-81CCACF77D0E}
		{5EF1506D-A625-4CB7-916D-E2429352337C} = {8A1D1800-3D31-432F-AB9A-81CCACF77D0E}
		{802EA5D5-8FE5-489A-8392-328E93C17A53} = {40F07027-1838-47E7-AB01-1FAC92AC08A7}
		{43F3D970-6AB2-4A0E-9836-E8AD9289388D} = {51AE06DE-97DB-4A86-B5B0-9B5734C9470E}
		{D668750B-8D06-45A8-8931-764B16262C9C} = {583B6C67-C74B-40F7-8E76-5774DA1C910E}
		{4AE662BC-387D-4F7C-A0E6-639D29AF4067} = {D668750B-8D06-45A8-8931-764B16262C9C}
		{45182011-4DD0-4822-9646-756955B7BCDC} = {D668750B-8D06-45A8-8931-764B16262C9C}
		{785C89F9-064C-4B64-AFB8-7909595F0646} = {D668750B-8D06-45A8-8931-764B16262C9C}
		{3AF79A76-B7D6-4E80-9F0B-94867AFAD628} = {583B6C67-C74B-40F7-8E76-5774DA1C910E}
		{8D666AE7-C17A-48FC-B931-5F5B8C60CFBF} = {3AF79A76-B7D6-4E80-9F0B-94867AFAD628}
		{B73BDEB8-93D6-41C4-9A6C-E484E77FC2F5} = {51AE06DE-97DB-4A86-B5B0-9B5734C9470E}
		{6BE871F9-8334-48AE-A15B-996BDCB74568} = {3AF79A76-B7D6-4E80-9F0B-94867AFAD628}
		{29B4EDB7-9B7D-4180-938A-CEF75644282D} = {3AF79A76-B7D6-4E80-9F0B-94867AFAD628}
		{4260354B-7C8D-409A-9FAD-E4DEA8673A75} = {583B6C67-C74B-40F7-8E76-5774DA1C910E}
		{F3138B2E-7112-4196-A8B2-56829F1AFE54} = {4260354B-7C8D-409A-9FAD-E4DEA8673A75}
		{3D033702-FB12-491C-BA38-AF63BB131F40} = {4260354B-7C8D-409A-9FAD-E4DEA8673A75}
		{8FBCBABD-BCE0-4530-A77B-A2E95E3388F0} = {4260354B-7C8D-409A-9FAD-E4DEA8673A75}
		{46821CED-EBCC-4556-A968-AAED1C1C4401} = {583B6C67-C74B-40F7-8E76-5774DA1C910E}
		{CFFAC7B2-91F2-41E8-9352-3CA1443B848F} = {46821CED-EBCC-4556-A968-AAED1C1C4401}
		{66FBCD80-744A-4C13-A4C3-8C2F06A61279} = {46821CED-EBCC-4556-A968-AAED1C1C4401}
		{B3CFB1D8-EC10-46B3-93E2-1AA43A012701} = {46821CED-EBCC-4556-A968-AAED1C1C4401}
		{6DB7549B-9079-4F4B-A8D9-E82AB31BCEC2} = {583B6C67-C74B-40F7-8E76-5774DA1C910E}
		{DE73D8A8-23E4-408D-975C-91E16D591D8C} = {6DB7549B-9079-4F4B-A8D9-E82AB31BCEC2}
		{03F1209D-37EA-411E-9EF8-6E46D4A452B0} = {6DB7549B-9079-4F4B-A8D9-E82AB31BCEC2}
		{7888C0A1-4D75-4FC3-A160-BFCAEFEB0165} = {6DB7549B-9079-4F4B-A8D9-E82AB31BCEC2}
		{F72E1199-AED1-4746-A5D1-AD3F7EDCA8E2} = {583B6C67-C74B-40F7-8E76-5774DA1C910E}
		{1666334D-351A-4D50-A1F8-E2201D9598CC} = {F72E1199-AED1-4746-A5D1-AD3F7EDCA8E2}
		{763E23C5-3422-40CF-B9EA-3A0FCEDD6C6A} = {F72E1199-AED1-4746-A5D1-AD3F7EDCA8E2}
		{2070D0A6-833F-49B3-82D1-9C6E3D85355A} = {F72E1199-AED1-4746-A5D1-AD3F7EDCA8E2}
		{593642A5-9CAB-43B9-B52D-D6B140573917} = {583B6C67-C74B-40F7-8E76-5774DA1C910E}
		{4A77E55F-E883-41AC-8D9C-15E0A12C9C7A} = {593642A5-9CAB-43B9-B52D-D6B140573917}
		{7A1311C5-F103-470B-87B8-A3A835A1066E} = {593642A5-9CAB-43B9-B52D-D6B140573917}
		{D057C224-DB30-4F94-8097-E0D756C30FD4} = {593642A5-9CAB-43B9-B52D-D6B140573917}
		{77476330-D125-42A1-9F98-D106E12D3AF7} = {583B6C67-C74B-40F7-8E76-5774DA1C910E}
		{A1399E3B-504C-4A59-AD9B-847E2174B1D0} = {77476330-D125-42A1-9F98-D106E12D3AF7}
		{28E7C2F0-D033-44D9-A562-E0C8A20A5262} = {77476330-D125-42A1-9F98-D106E12D3AF7}
		{C6710205-4866-45A2-BF8A-BB1930C68571} = {77476330-D125-42A1-9F98-D106E12D3AF7}
	EndGlobalSection
	GlobalSection(ExtensibilityGlobals) = postSolution
		SolutionGuid = {649D8F17-1EA1-44B9-944C-F16B28858588}
	EndGlobalSection
EndGlobal
